// !$*UTF8*$!
{
	archiveVersion = 1;
	classes = {
	};
	objectVersion = 48;
	objects = {

/* Begin PBXBuildFile section */
		6D0F7E5720625887007C2201 /* AppDelegate.m in Sources */ = {isa = PBXBuildFile; fileRef = 6D0F7E5620625887007C2201 /* AppDelegate.m */; };
		6D0F7E5A20625887007C2201 /* ViewController.m in Sources */ = {isa = PBXBuildFile; fileRef = 6D0F7E5920625887007C2201 /* ViewController.m */; };
		6D0F7E5D20625887007C2201 /* Main.storyboard in Resources */ = {isa = PBXBuildFile; fileRef = 6D0F7E5B20625887007C2201 /* Main.storyboard */; };
		6D0F7E6020625887007C2201 /* SHTagView.xcdatamodeld in Sources */ = {isa = PBXBuildFile; fileRef = 6D0F7E5E20625887007C2201 /* SHTagView.xcdatamodeld */; };
		6D0F7E6220625887007C2201 /* Assets.xcassets in Resources */ = {isa = PBXBuildFile; fileRef = 6D0F7E6120625887007C2201 /* Assets.xcassets */; };
		6D0F7E6520625887007C2201 /* LaunchScreen.storyboard in Resources */ = {isa = PBXBuildFile; fileRef = 6D0F7E6320625887007C2201 /* LaunchScreen.storyboard */; };
		6D0F7E6820625887007C2201 /* main.m in Sources */ = {isa = PBXBuildFile; fileRef = 6D0F7E6720625887007C2201 /* main.m */; };
		6D0F7E7220625887007C2201 /* SHTagViewTests.m in Sources */ = {isa = PBXBuildFile; fileRef = 6D0F7E7120625887007C2201 /* SHTagViewTests.m */; };
		6D0F7E7D20625887007C2201 /* SHTagViewUITests.m in Sources */ = {isa = PBXBuildFile; fileRef = 6D0F7E7C20625887007C2201 /* SHTagViewUITests.m */; };
		6D0F7E8D206258B0007C2201 /* SHTagView.m in Sources */ = {isa = PBXBuildFile; fileRef = 6D0F7E8C206258B0007C2201 /* SHTagView.m */; };
		6D0F7E90206258BF007C2201 /* SHTagModel.m in Sources */ = {isa = PBXBuildFile; fileRef = 6D0F7E8F206258BF007C2201 /* SHTagModel.m */; };
		6D0F7E9620625A79007C2201 /* SHTagCell.m in Sources */ = {isa = PBXBuildFile; fileRef = 6D0F7E9520625A79007C2201 /* SHTagCell.m */; };
/* End PBXBuildFile section */

/* Begin PBXContainerItemProxy section */
		6D0F7E6E20625887007C2201 /* PBXContainerItemProxy */ = {
			isa = PBXContainerItemProxy;
			containerPortal = 6D0F7E4A20625887007C2201 /* Project object */;
			proxyType = 1;
			remoteGlobalIDString = 6D0F7E5120625887007C2201;
			remoteInfo = SHTagView;
		};
		6D0F7E7920625887007C2201 /* PBXContainerItemProxy */ = {
			isa = PBXContainerItemProxy;
			containerPortal = 6D0F7E4A20625887007C2201 /* Project object */;
			proxyType = 1;
			remoteGlobalIDString = 6D0F7E5120625887007C2201;
			remoteInfo = SHTagView;
		};
/* End PBXContainerItemProxy section */

/* Begin PBXFileReference section */
		6D0F7E5220625887007C2201 /* SHTagView.app */ = {isa = PBXFileReference; explicitFileType = wrapper.application; includeInIndex = 0; path = SHTagView.app; sourceTree = BUILT_PRODUCTS_DIR; };
		6D0F7E5520625887007C2201 /* AppDelegate.h */ = {isa = PBXFileReference; lastKnownFileType = sourcecode.c.h; path = AppDelegate.h; sourceTree = "<group>"; };
		6D0F7E5620625887007C2201 /* AppDelegate.m */ = {isa = PBXFileReference; lastKnownFileType = sourcecode.c.objc; path = AppDelegate.m; sourceTree = "<group>"; };
		6D0F7E5820625887007C2201 /* ViewController.h */ = {isa = PBXFileReference; lastKnownFileType = sourcecode.c.h; path = ViewController.h; sourceTree = "<group>"; };
		6D0F7E5920625887007C2201 /* ViewController.m */ = {isa = PBXFileReference; lastKnownFileType = sourcecode.c.objc; path = ViewController.m; sourceTree = "<group>"; };
		6D0F7E5C20625887007C2201 /* Base */ = {isa = PBXFileReference; lastKnownFileType = file.storyboard; name = Base; path = Base.lproj/Main.storyboard; sourceTree = "<group>"; };
		6D0F7E5F20625887007C2201 /* SHTagView.xcdatamodel */ = {isa = PBXFileReference; lastKnownFileType = wrapper.xcdatamodel; path = SHTagView.xcdatamodel; sourceTree = "<group>"; };
		6D0F7E6120625887007C2201 /* Assets.xcassets */ = {isa = PBXFileReference; lastKnownFileType = folder.assetcatalog; path = Assets.xcassets; sourceTree = "<group>"; };
		6D0F7E6420625887007C2201 /* Base */ = {isa = PBXFileReference; lastKnownFileType = file.storyboard; name = Base; path = Base.lproj/LaunchScreen.storyboard; sourceTree = "<group>"; };
		6D0F7E6620625887007C2201 /* Info.plist */ = {isa = PBXFileReference; lastKnownFileType = text.plist.xml; path = Info.plist; sourceTree = "<group>"; };
		6D0F7E6720625887007C2201 /* main.m */ = {isa = PBXFileReference; lastKnownFileType = sourcecode.c.objc; path = main.m; sourceTree = "<group>"; };
		6D0F7E6D20625887007C2201 /* SHTagViewTests.xctest */ = {isa = PBXFileReference; explicitFileType = wrapper.cfbundle; includeInIndex = 0; path = SHTagViewTests.xctest; sourceTree = BUILT_PRODUCTS_DIR; };
		6D0F7E7120625887007C2201 /* SHTagViewTests.m */ = {isa = PBXFileReference; lastKnownFileType = sourcecode.c.objc; path = SHTagViewTests.m; sourceTree = "<group>"; };
		6D0F7E7320625887007C2201 /* Info.plist */ = {isa = PBXFileReference; lastKnownFileType = text.plist.xml; path = Info.plist; sourceTree = "<group>"; };
		6D0F7E7820625887007C2201 /* SHTagViewUITests.xctest */ = {isa = PBXFileReference; explicitFileType = wrapper.cfbundle; includeInIndex = 0; path = SHTagViewUITests.xctest; sourceTree = BUILT_PRODUCTS_DIR; };
		6D0F7E7C20625887007C2201 /* SHTagViewUITests.m */ = {isa = PBXFileReference; lastKnownFileType = sourcecode.c.objc; path = SHTagViewUITests.m; sourceTree = "<group>"; };
		6D0F7E7E20625887007C2201 /* Info.plist */ = {isa = PBXFileReference; lastKnownFileType = text.plist.xml; path = Info.plist; sourceTree = "<group>"; };
		6D0F7E8B206258B0007C2201 /* SHTagView.h */ = {isa = PBXFileReference; lastKnownFileType = sourcecode.c.h; path = SHTagView.h; sourceTree = "<group>"; };
		6D0F7E8C206258B0007C2201 /* SHTagView.m */ = {isa = PBXFileReference; lastKnownFileType = sourcecode.c.objc; path = SHTagView.m; sourceTree = "<group>"; };
		6D0F7E8E206258BF007C2201 /* SHTagModel.h */ = {isa = PBXFileReference; lastKnownFileType = sourcecode.c.h; path = SHTagModel.h; sourceTree = "<group>"; };
		6D0F7E8F206258BF007C2201 /* SHTagModel.m */ = {isa = PBXFileReference; lastKnownFileType = sourcecode.c.objc; path = SHTagModel.m; sourceTree = "<group>"; };
		6D0F7E9420625A79007C2201 /* SHTagCell.h */ = {isa = PBXFileReference; lastKnownFileType = sourcecode.c.h; path = SHTagCell.h; sourceTree = "<group>"; };
		6D0F7E9520625A79007C2201 /* SHTagCell.m */ = {isa = PBXFileReference; lastKnownFileType = sourcecode.c.objc; path = SHTagCell.m; sourceTree = "<group>"; };
		6D0F7E9720625B8C007C2201 /* SHKitHeader.h */ = {isa = PBXFileReference; lastKnownFileType = sourcecode.c.h; path = SHKitHeader.h; sourceTree = "<group>"; };
/* End PBXFileReference section */

/* Begin PBXFrameworksBuildPhase section */
		6D0F7E4F20625887007C2201 /* Frameworks */ = {
			isa = PBXFrameworksBuildPhase;
			buildActionMask = 2147483647;
			files = (
			);
			runOnlyForDeploymentPostprocessing = 0;
		};
		6D0F7E6A20625887007C2201 /* Frameworks */ = {
			isa = PBXFrameworksBuildPhase;
			buildActionMask = 2147483647;
			files = (
			);
			runOnlyForDeploymentPostprocessing = 0;
		};
		6D0F7E7520625887007C2201 /* Frameworks */ = {
			isa = PBXFrameworksBuildPhase;
			buildActionMask = 2147483647;
			files = (
			);
			runOnlyForDeploymentPostprocessing = 0;
		};
/* End PBXFrameworksBuildPhase section */

/* Begin PBXGroup section */
		6D0F7E4920625887007C2201 = {
			isa = PBXGroup;
			children = (
				6D0F7E5420625887007C2201 /* SHTagView */,
				6D0F7E7020625887007C2201 /* SHTagViewTests */,
				6D0F7E7B20625887007C2201 /* SHTagViewUITests */,
				6D0F7E5320625887007C2201 /* Products */,
			);
			sourceTree = "<group>";
		};
		6D0F7E5320625887007C2201 /* Products */ = {
			isa = PBXGroup;
			children = (
				6D0F7E5220625887007C2201 /* SHTagView.app */,
				6D0F7E6D20625887007C2201 /* SHTagViewTests.xctest */,
				6D0F7E7820625887007C2201 /* SHTagViewUITests.xctest */,
			);
			name = Products;
			sourceTree = "<group>";
		};
		6D0F7E5420625887007C2201 /* SHTagView */ = {
			isa = PBXGroup;
			children = (
				6D0F7E8A2062589E007C2201 /* TagView */,
				6D0F7E5520625887007C2201 /* AppDelegate.h */,
				6D0F7E5620625887007C2201 /* AppDelegate.m */,
				6D0F7E5820625887007C2201 /* ViewController.h */,
				6D0F7E5920625887007C2201 /* ViewController.m */,
				6D0F7E5B20625887007C2201 /* Main.storyboard */,
				6D0F7E6120625887007C2201 /* Assets.xcassets */,
				6D0F7E6320625887007C2201 /* LaunchScreen.storyboard */,
				6D0F7E6620625887007C2201 /* Info.plist */,
				6D0F7E6720625887007C2201 /* main.m */,
				6D0F7E5E20625887007C2201 /* SHTagView.xcdatamodeld */,
			);
			path = SHTagView;
			sourceTree = "<group>";
		};
		6D0F7E7020625887007C2201 /* SHTagViewTests */ = {
			isa = PBXGroup;
			children = (
				6D0F7E7120625887007C2201 /* SHTagViewTests.m */,
				6D0F7E7320625887007C2201 /* Info.plist */,
			);
			path = SHTagViewTests;
			sourceTree = "<group>";
		};
		6D0F7E7B20625887007C2201 /* SHTagViewUITests */ = {
			isa = PBXGroup;
			children = (
				6D0F7E7C20625887007C2201 /* SHTagViewUITests.m */,
				6D0F7E7E20625887007C2201 /* Info.plist */,
			);
			path = SHTagViewUITests;
			sourceTree = "<group>";
		};
		6D0F7E8A2062589E007C2201 /* TagView */ = {
			isa = PBXGroup;
			children = (
				6D0F7E9720625B8C007C2201 /* SHKitHeader.h */,
				6D0F7E8B206258B0007C2201 /* SHTagView.h */,
				6D0F7E8C206258B0007C2201 /* SHTagView.m */,
				6D0F7E8E206258BF007C2201 /* SHTagModel.h */,
				6D0F7E8F206258BF007C2201 /* SHTagModel.m */,
				6D0F7E9420625A79007C2201 /* SHTagCell.h */,
				6D0F7E9520625A79007C2201 /* SHTagCell.m */,
			);
			path = TagView;
			sourceTree = "<group>";
		};
/* End PBXGroup section */

/* Begin PBXNativeTarget section */
		6D0F7E5120625887007C2201 /* SHTagView */ = {
			isa = PBXNativeTarget;
			buildConfigurationList = 6D0F7E8120625887007C2201 /* Build configuration list for PBXNativeTarget "SHTagView" */;
			buildPhases = (
				6D0F7E4E20625887007C2201 /* Sources */,
				6D0F7E4F20625887007C2201 /* Frameworks */,
				6D0F7E5020625887007C2201 /* Resources */,
			);
			buildRules = (
			);
			dependencies = (
			);
			name = SHTagView;
			productName = SHTagView;
			productReference = 6D0F7E5220625887007C2201 /* SHTagView.app */;
			productType = "com.apple.product-type.application";
		};
		6D0F7E6C20625887007C2201 /* SHTagViewTests */ = {
			isa = PBXNativeTarget;
			buildConfigurationList = 6D0F7E8420625887007C2201 /* Build configuration list for PBXNativeTarget "SHTagViewTests" */;
			buildPhases = (
				6D0F7E6920625887007C2201 /* Sources */,
				6D0F7E6A20625887007C2201 /* Frameworks */,
				6D0F7E6B20625887007C2201 /* Resources */,
			);
			buildRules = (
			);
			dependencies = (
				6D0F7E6F20625887007C2201 /* PBXTargetDependency */,
			);
			name = SHTagViewTests;
			productName = SHTagViewTests;
			productReference = 6D0F7E6D20625887007C2201 /* SHTagViewTests.xctest */;
			productType = "com.apple.product-type.bundle.unit-test";
		};
		6D0F7E7720625887007C2201 /* SHTagViewUITests */ = {
			isa = PBXNativeTarget;
			buildConfigurationList = 6D0F7E8720625887007C2201 /* Build configuration list for PBXNativeTarget "SHTagViewUITests" */;
			buildPhases = (
				6D0F7E7420625887007C2201 /* Sources */,
				6D0F7E7520625887007C2201 /* Frameworks */,
				6D0F7E7620625887007C2201 /* Resources */,
			);
			buildRules = (
			);
			dependencies = (
				6D0F7E7A20625887007C2201 /* PBXTargetDependency */,
			);
			name = SHTagViewUITests;
			productName = SHTagViewUITests;
			productReference = 6D0F7E7820625887007C2201 /* SHTagViewUITests.xctest */;
			productType = "com.apple.product-type.bundle.ui-testing";
		};
/* End PBXNativeTarget section */

/* Begin PBXProject section */
		6D0F7E4A20625887007C2201 /* Project object */ = {
			isa = PBXProject;
			attributes = {
				LastUpgradeCheck = 0920;
				ORGANIZATIONNAME = SHKIT;
				TargetAttributes = {
					6D0F7E5120625887007C2201 = {
						CreatedOnToolsVersion = 9.2;
						ProvisioningStyle = Automatic;
					};
					6D0F7E6C20625887007C2201 = {
						CreatedOnToolsVersion = 9.2;
						ProvisioningStyle = Automatic;
						TestTargetID = 6D0F7E5120625887007C2201;
					};
					6D0F7E7720625887007C2201 = {
						CreatedOnToolsVersion = 9.2;
						ProvisioningStyle = Automatic;
						TestTargetID = 6D0F7E5120625887007C2201;
					};
				};
			};
			buildConfigurationList = 6D0F7E4D20625887007C2201 /* Build configuration list for PBXProject "SHTagView" */;
			compatibilityVersion = "Xcode 8.0";
			developmentRegion = en;
			hasScannedForEncodings = 0;
			knownRegions = (
				en,
				Base,
			);
			mainGroup = 6D0F7E4920625887007C2201;
			productRefGroup = 6D0F7E5320625887007C2201 /* Products */;
			projectDirPath = "";
			projectRoot = "";
			targets = (
				6D0F7E5120625887007C2201 /* SHTagView */,
				6D0F7E6C20625887007C2201 /* SHTagViewTests */,
				6D0F7E7720625887007C2201 /* SHTagViewUITests */,
			);
		};
/* End PBXProject section */

/* Begin PBXResourcesBuildPhase section */
		6D0F7E5020625887007C2201 /* Resources */ = {
			isa = PBXResourcesBuildPhase;
			buildActionMask = 2147483647;
			files = (
				6D0F7E6520625887007C2201 /* LaunchScreen.storyboard in Resources */,
				6D0F7E6220625887007C2201 /* Assets.xcassets in Resources */,
				6D0F7E5D20625887007C2201 /* Main.storyboard in Resources */,
			);
			runOnlyForDeploymentPostprocessing = 0;
		};
		6D0F7E6B20625887007C2201 /* Resources */ = {
			isa = PBXResourcesBuildPhase;
			buildActionMask = 2147483647;
			files = (
			);
			runOnlyForDeploymentPostprocessing = 0;
		};
		6D0F7E7620625887007C2201 /* Resources */ = {
			isa = PBXResourcesBuildPhase;
			buildActionMask = 2147483647;
			files = (
			);
			runOnlyForDeploymentPostprocessing = 0;
		};
/* End PBXResourcesBuildPhase section */

/* Begin PBXSourcesBuildPhase section */
		6D0F7E4E20625887007C2201 /* Sources */ = {
			isa = PBXSourcesBuildPhase;
			buildActionMask = 2147483647;
			files = (
				6D0F7E5A20625887007C2201 /* ViewController.m in Sources */,
				6D0F7E5720625887007C2201 /* AppDelegate.m in Sources */,
				6D0F7E8D206258B0007C2201 /* SHTagView.m in Sources */,
				6D0F7E90206258BF007C2201 /* SHTagModel.m in Sources */,
				6D0F7E9620625A79007C2201 /* SHTagCell.m in Sources */,
				6D0F7E6820625887007C2201 /* main.m in Sources */,
				6D0F7E6020625887007C2201 /* SHTagView.xcdatamodeld in Sources */,
			);
			runOnlyForDeploymentPostprocessing = 0;
		};
		6D0F7E6920625887007C2201 /* Sources */ = {
			isa = PBXSourcesBuildPhase;
			buildActionMask = 2147483647;
			files = (
				6D0F7E7220625887007C2201 /* SHTagViewTests.m in Sources */,
			);
			runOnlyForDeploymentPostprocessing = 0;
		};
		6D0F7E7420625887007C2201 /* Sources */ = {
			isa = PBXSourcesBuildPhase;
			buildActionMask = 2147483647;
			files = (
				6D0F7E7D20625887007C2201 /* SHTagViewUITests.m in Sources */,
			);
			runOnlyForDeploymentPostprocessing = 0;
		};
/* End PBXSourcesBuildPhase section */

/* Begin PBXTargetDependency section */
		6D0F7E6F20625887007C2201 /* PBXTargetDependency */ = {
			isa = PBXTargetDependency;
			target = 6D0F7E5120625887007C2201 /* SHTagView */;
			targetProxy = 6D0F7E6E20625887007C2201 /* PBXContainerItemProxy */;
		};
		6D0F7E7A20625887007C2201 /* PBXTargetDependency */ = {
			isa = PBXTargetDependency;
			target = 6D0F7E5120625887007C2201 /* SHTagView */;
			targetProxy = 6D0F7E7920625887007C2201 /* PBXContainerItemProxy */;
		};
/* End PBXTargetDependency section */

/* Begin PBXVariantGroup section */
		6D0F7E5B20625887007C2201 /* Main.storyboard */ = {
			isa = PBXVariantGroup;
			children = (
				6D0F7E5C20625887007C2201 /* Base */,
			);
			name = Main.storyboard;
			sourceTree = "<group>";
		};
		6D0F7E6320625887007C2201 /* LaunchScreen.storyboard */ = {
			isa = PBXVariantGroup;
			children = (
				6D0F7E6420625887007C2201 /* Base */,
			);
			name = LaunchScreen.storyboard;
			sourceTree = "<group>";
		};
/* End PBXVariantGroup section */

/* Begin XCBuildConfiguration section */
		6D0F7E7F20625887007C2201 /* Debug */ = {
			isa = XCBuildConfiguration;
			buildSettings = {
				ALWAYS_SEARCH_USER_PATHS = NO;
				CLANG_ANALYZER_NONNULL = YES;
				CLANG_ANALYZER_NUMBER_OBJECT_CONVERSION = YES_AGGRESSIVE;
				CLANG_CXX_LANGUAGE_STANDARD = "gnu++14";
				CLANG_CXX_LIBRARY = "libc++";
				CLANG_ENABLE_MODULES = YES;
				CLANG_ENABLE_OBJC_ARC = YES;
				CLANG_WARN_BLOCK_CAPTURE_AUTORELEASING = YES;
				CLANG_WARN_BOOL_CONVERSION = YES;
				CLANG_WARN_COMMA = YES;
				CLANG_WARN_CONSTANT_CONVERSION = YES;
				CLANG_WARN_DIRECT_OBJC_ISA_USAGE = YES_ERROR;
				CLANG_WARN_DOCUMENTATION_COMMENTS = YES;
				CLANG_WARN_EMPTY_BODY = YES;
				CLANG_WARN_ENUM_CONVERSION = YES;
				CLANG_WARN_INFINITE_RECURSION = YES;
				CLANG_WARN_INT_CONVERSION = YES;
				CLANG_WARN_NON_LITERAL_NULL_CONVERSION = YES;
				CLANG_WARN_OBJC_LITERAL_CONVERSION = YES;
				CLANG_WARN_OBJC_ROOT_CLASS = YES_ERROR;
				CLANG_WARN_RANGE_LOOP_ANALYSIS = YES;
				CLANG_WARN_STRICT_PROTOTYPES = YES;
				CLANG_WARN_SUSPICIOUS_MOVE = YES;
				CLANG_WARN_UNGUARDED_AVAILABILITY = YES_AGGRESSIVE;
				CLANG_WARN_UNREACHABLE_CODE = YES;
				CLANG_WARN__DUPLICATE_METHOD_MATCH = YES;
				CODE_SIGN_IDENTITY = "iPhone Developer";
				COPY_PHASE_STRIP = NO;
				DEBUG_INFORMATION_FORMAT = dwarf;
				ENABLE_STRICT_OBJC_MSGSEND = YES;
				ENABLE_TESTABILITY = YES;
				GCC_C_LANGUAGE_STANDARD = gnu11;
				GCC_DYNAMIC_NO_PIC = NO;
				GCC_NO_COMMON_BLOCKS = YES;
				GCC_OPTIMIZATION_LEVEL = 0;
				GCC_PREPROCESSOR_DEFINITIONS = (
					"DEBUG=1",
					"$(inherited)",
				);
				GCC_WARN_64_TO_32_BIT_CONVERSION = YES;
				GCC_WARN_ABOUT_RETURN_TYPE = YES_ERROR;
				GCC_WARN_UNDECLARED_SELECTOR = YES;
				GCC_WARN_UNINITIALIZED_AUTOS = YES_AGGRESSIVE;
				GCC_WARN_UNUSED_FUNCTION = YES;
				GCC_WARN_UNUSED_VARIABLE = YES;
				IPHONEOS_DEPLOYMENT_TARGET = 11.2;
				MTL_ENABLE_DEBUG_INFO = YES;
				ONLY_ACTIVE_ARCH = YES;
				SDKROOT = iphoneos;
			};
			name = Debug;
		};
		6D0F7E8020625887007C2201 /* Release */ = {
			isa = XCBuildConfiguration;
			buildSettings = {
				ALWAYS_SEARCH_USER_PATHS = NO;
				CLANG_ANALYZER_NONNULL = YES;
				CLANG_ANALYZER_NUMBER_OBJECT_CONVERSION = YES_AGGRESSIVE;
				CLANG_CXX_LANGUAGE_STANDARD = "gnu++14";
				CLANG_CXX_LIBRARY = "libc++";
				CLANG_ENABLE_MODULES = YES;
				CLANG_ENABLE_OBJC_ARC = YES;
				CLANG_WARN_BLOCK_CAPTURE_AUTORELEASING = YES;
				CLANG_WARN_BOOL_CONVERSION = YES;
				CLANG_WARN_COMMA = YES;
				CLANG_WARN_CONSTANT_CONVERSION = YES;
				CLANG_WARN_DIRECT_OBJC_ISA_USAGE = YES_ERROR;
				CLANG_WARN_DOCUMENTATION_COMMENTS = YES;
				CLANG_WARN_EMPTY_BODY = YES;
				CLANG_WARN_ENUM_CONVERSION = YES;
				CLANG_WARN_INFINITE_RECURSION = YES;
				CLANG_WARN_INT_CONVERSION = YES;
				CLANG_WARN_NON_LITERAL_NULL_CONVERSION = YES;
				CLANG_WARN_OBJC_LITERAL_CONVERSION = YES;
				CLANG_WARN_OBJC_ROOT_CLASS = YES_ERROR;
				CLANG_WARN_RANGE_LOOP_ANALYSIS = YES;
				CLANG_WARN_STRICT_PROTOTYPES = YES;
				CLANG_WARN_SUSPICIOUS_MOVE = YES;
				CLANG_WARN_UNGUARDED_AVAILABILITY = YES_AGGRESSIVE;
				CLANG_WARN_UNREACHABLE_CODE = YES;
				CLANG_WARN__DUPLICATE_METHOD_MATCH = YES;
				CODE_SIGN_IDENTITY = "iPhone Developer";
				COPY_PHASE_STRIP = NO;
				DEBUG_INFORMATION_FORMAT = "dwarf-with-dsym";
				ENABLE_NS_ASSERTIONS = NO;
				ENABLE_STRICT_OBJC_MSGSEND = YES;
				GCC_C_LANGUAGE_STANDARD = gnu11;
				GCC_NO_COMMON_BLOCKS = YES;
				GCC_WARN_64_TO_32_BIT_CONVERSION = YES;
				GCC_WARN_ABOUT_RETURN_TYPE = YES_ERROR;
				GCC_WARN_UNDECLARED_SELECTOR = YES;
				GCC_WARN_UNINITIALIZED_AUTOS = YES_AGGRESSIVE;
				GCC_WARN_UNUSED_FUNCTION = YES;
				GCC_WARN_UNUSED_VARIABLE = YES;
				IPHONEOS_DEPLOYMENT_TARGET = 11.2;
				MTL_ENABLE_DEBUG_INFO = NO;
				SDKROOT = iphoneos;
				VALIDATE_PRODUCT = YES;
			};
			name = Release;
		};
		6D0F7E8220625887007C2201 /* Debug */ = {
			isa = XCBuildConfiguration;
			buildSettings = {
				ASSETCATALOG_COMPILER_APPICON_NAME = AppIcon;
				CODE_SIGN_STYLE = Automatic;
				DEVELOPMENT_TEAM = QN3M9RC4UW;
				INFOPLIST_FILE = SHTagView/Info.plist;
				LD_RUNPATH_SEARCH_PATHS = "$(inherited) @executable_path/Frameworks";
				PRODUCT_BUNDLE_IDENTIFIER = SHKIT.SHTagView;
				PRODUCT_NAME = "$(TARGET_NAME)";
				TARGETED_DEVICE_FAMILY = "1,2";
			};
			name = Debug;
		};
		6D0F7E8320625887007C2201 /* Release */ = {
			isa = XCBuildConfiguration;
			buildSettings = {
				ASSETCATALOG_COMPILER_APPICON_NAME = AppIcon;
				CODE_SIGN_STYLE = Automatic;
				DEVELOPMENT_TEAM = QN3M9RC4UW;
				INFOPLIST_FILE = SHTagView/Info.plist;
				LD_RUNPATH_SEARCH_PATHS = "$(inherited) @executable_path/Frameworks";
				PRODUCT_BUNDLE_IDENTIFIER = SHKIT.SHTagView;
				PRODUCT_NAME = "$(TARGET_NAME)";
				TARGETED_DEVICE_FAMILY = "1,2";
			};
			name = Release;
		};
		6D0F7E8520625887007C2201 /* Debug */ = {
			isa = XCBuildConfiguration;
			buildSettings = {
				BUNDLE_LOADER = "$(TEST_HOST)";
				CODE_SIGN_STYLE = Automatic;
				DEVELOPMENT_TEAM = QN3M9RC4UW;
				INFOPLIST_FILE = SHTagViewTests/Info.plist;
				LD_RUNPATH_SEARCH_PATHS = "$(inherited) @executable_path/Frameworks @loader_path/Frameworks";
				PRODUCT_BUNDLE_IDENTIFIER = SHKIT.SHTagViewTests;
				PRODUCT_NAME = "$(TARGET_NAME)";
				TARGETED_DEVICE_FAMILY = "1,2";
				TEST_HOST = "$(BUILT_PRODUCTS_DIR)/SHTagView.app/SHTagView";
			};
			name = Debug;
		};
		6D0F7E8620625887007C2201 /* Release */ = {
			isa = XCBuildConfiguration;
			buildSettings = {
				BUNDLE_LOADER = "$(TEST_HOST)";
				CODE_SIGN_STYLE = Automatic;
				DEVELOPMENT_TEAM = QN3M9RC4UW;
				INFOPLIST_FILE = SHTagViewTests/Info.plist;
				LD_RUNPATH_SEARCH_PATHS = "$(inherited) @executable_path/Frameworks @loader_path/Frameworks";
				PRODUCT_BUNDLE_IDENTIFIER = SHKIT.SHTagViewTests;
				PRODUCT_NAME = "$(TARGET_NAME)";
				TARGETED_DEVICE_FAMILY = "1,2";
				TEST_HOST = "$(BUILT_PRODUCTS_DIR)/SHTagView.app/SHTagView";
			};
			name = Release;
		};
		6D0F7E8820625887007C2201 /* Debug */ = {
			isa = XCBuildConfiguration;
			buildSettings = {
				CODE_SIGN_STYLE = Automatic;
				DEVELOPMENT_TEAM = QN3M9RC4UW;
				INFOPLIST_FILE = SHTagViewUITests/Info.plist;
				LD_RUNPATH_SEARCH_PATHS = "$(inherited) @executable_path/Frameworks @loader_path/Frameworks";
				PRODUCT_BUNDLE_IDENTIFIER = SHKIT.SHTagViewUITests;
				PRODUCT_NAME = "$(TARGET_NAME)";
				TARGETED_DEVICE_FAMILY = "1,2";
				TEST_TARGET_NAME = SHTagView;
			};
			name = Debug;
		};
		6D0F7E8920625887007C2201 /* Release */ = {
			isa = XCBuildConfiguration;
			buildSettings = {
				CODE_SIGN_STYLE = Automatic;
				DEVELOPMENT_TEAM = QN3M9RC4UW;
				INFOPLIST_FILE = SHTagViewUITests/Info.plist;
				LD_RUNPATH_SEARCH_PATHS = "$(inherited) @executable_path/Frameworks @loader_path/Frameworks";
				PRODUCT_BUNDLE_IDENTIFIER = SHKIT.SHTagViewUITests;
				PRODUCT_NAME = "$(TARGET_NAME)";
				TARGETED_DEVICE_FAMILY = "1,2";
				TEST_TARGET_NAME = SHTagView;
			};
			name = Release;
		};
/* End XCBuildConfiguration section */

/* Begin XCConfigurationList section */
		6D0F7E4D20625887007C2201 /* Build configuration list for PBXProject "SHTagView" */ = {
			isa = XCConfigurationList;
			buildConfigurations = (
				6D0F7E7F20625887007C2201 /* Debug */,
				6D0F7E8020625887007C2201 /* Release */,
			);
			defaultConfigurationIsVisible = 0;
			defaultConfigurationName = Release;
		};
		6D0F7E8120625887007C2201 /* Build configuration list for PBXNativeTarget "SHTagView" */ = {
			isa = XCConfigurationList;
			buildConfigurations = (
				6D0F7E8220625887007C2201 /* Debug */,
				6D0F7E8320625887007C2201 /* Release */,
			);
			defaultConfigurationIsVisible = 0;
			defaultConfigurationName = Release;
		};
		6D0F7E8420625887007C2201 /* Build configuration list for PBXNativeTarget "SHTagViewTests" */ = {
			isa = XCConfigurationList;
			buildConfigurations = (
				6D0F7E8520625887007C2201 /* Debug */,
				6D0F7E8620625887007C2201 /* Release */,
			);
			defaultConfigurationIsVisible = 0;
			defaultConfigurationName = Release;
		};
		6D0F7E8720625887007C2201 /* Build configuration list for PBXNativeTarget "SHTagViewUITests" */ = {
			isa = XCConfigurationList;
			buildConfigurations = (
				6D0F7E8820625887007C2201 /* Debug */,
				6D0F7E8920625887007C2201 /* Release */,
			);
			defaultConfigurationIsVisible = 0;
			defaultConfigurationName = Release;
		};
/* End XCConfigurationList section */

/* Begin XCVersionGroup section */
		6D0F7E5E20625887007C2201 /* SHTagView.xcdatamodeld */ = {
			isa = XCVersionGroup;
			children = (
				6D0F7E5F20625887007C2201 /* SHTagView.xcdatamodel */,
			);
			currentVersion = 6D0F7E5F20625887007C2201 /* SHTagView.xcdatamodel */;
			path = SHTagView.xcdatamodeld;
			sourceTree = "<group>";
			versionGroupType = wrapper.xcdatamodel;
		};
/* End XCVersionGroup section */
	};
	rootObject = 6D0F7E4A20625887007C2201 /* Project object */;
}
